// !$*UTF8*$!
{
	archiveVersion = 1;
	classes = {
	};
	objectVersion = 56;
	objects = {

/* Begin PBXBuildFile section */
		09859EE02AEE4C3C00A71825 /* AppDelegate.swift in Sources */ = {isa = PBXBuildFile; fileRef = 09859EDF2AEE4C3C00A71825 /* AppDelegate.swift */; };
		09859EE22AEE4C3C00A71825 /* SceneDelegate.swift in Sources */ = {isa = PBXBuildFile; fileRef = 09859EE12AEE4C3C00A71825 /* SceneDelegate.swift */; };
		09859EE42AEE4C3C00A71825 /* ViewController.swift in Sources */ = {isa = PBXBuildFile; fileRef = 09859EE32AEE4C3C00A71825 /* ViewController.swift */; };
		09859EE72AEE4C3C00A71825 /* Main.storyboard in Resources */ = {isa = PBXBuildFile; fileRef = 09859EE52AEE4C3C00A71825 /* Main.storyboard */; };
		09859EEA2AEE4C3C00A71825 /* Resource_Profile_Builder.xcdatamodeld in Sources */ = {isa = PBXBuildFile; fileRef = 09859EE82AEE4C3C00A71825 /* Resource_Profile_Builder.xcdatamodeld */; };
		09859EEC2AEE4C3D00A71825 /* Assets.xcassets in Resources */ = {isa = PBXBuildFile; fileRef = 09859EEB2AEE4C3D00A71825 /* Assets.xcassets */; };
		09859EEF2AEE4C3D00A71825 /* LaunchScreen.storyboard in Resources */ = {isa = PBXBuildFile; fileRef = 09859EED2AEE4C3D00A71825 /* LaunchScreen.storyboard */; };
/* End PBXBuildFile section */

/* Begin PBXFileReference section */
		09859EDC2AEE4C3C00A71825 /* Resource Profile Builder.app */ = {isa = PBXFileReference; explicitFileType = wrapper.application; includeInIndex = 0; path = "Resource Profile Builder.app"; sourceTree = BUILT_PRODUCTS_DIR; };
		09859EDF2AEE4C3C00A71825 /* AppDelegate.swift */ = {isa = PBXFileReference; lastKnownFileType = sourcecode.swift; path = AppDelegate.swift; sourceTree = "<group>"; };
		09859EE12AEE4C3C00A71825 /* SceneDelegate.swift */ = {isa = PBXFileReference; lastKnownFileType = sourcecode.swift; path = SceneDelegate.swift; sourceTree = "<group>"; };
		09859EE32AEE4C3C00A71825 /* ViewController.swift */ = {isa = PBXFileReference; lastKnownFileType = sourcecode.swift; path = ViewController.swift; sourceTree = "<group>"; };
		09859EE62AEE4C3C00A71825 /* Base */ = {isa = PBXFileReference; lastKnownFileType = file.storyboard; name = Base; path = Base.lproj/Main.storyboard; sourceTree = "<group>"; };
		09859EE92AEE4C3C00A71825 /* Resource_Profile_Builder.xcdatamodel */ = {isa = PBXFileReference; lastKnownFileType = wrapper.xcdatamodel; path = Resource_Profile_Builder.xcdatamodel; sourceTree = "<group>"; };
		09859EEB2AEE4C3D00A71825 /* Assets.xcassets */ = {isa = PBXFileReference; lastKnownFileType = folder.assetcatalog; path = Assets.xcassets; sourceTree = "<group>"; };
		09859EEE2AEE4C3D00A71825 /* Base */ = {isa = PBXFileReference; lastKnownFileType = file.storyboard; name = Base; path = Base.lproj/LaunchScreen.storyboard; sourceTree = "<group>"; };
		09859EF02AEE4C3D00A71825 /* Info.plist */ = {isa = PBXFileReference; lastKnownFileType = text.plist.xml; path = Info.plist; sourceTree = "<group>"; };
/* End PBXFileReference section */

/* Begin PBXFrameworksBuildPhase section */
		09859ED92AEE4C3C00A71825 /* Frameworks */ = {
			isa = PBXFrameworksBuildPhase;
			buildActionMask = 2147483647;
			files = (
			);
			runOnlyForDeploymentPostprocessing = 0;
		};
/* End PBXFrameworksBuildPhase section */

/* Begin PBXGroup section */
		09859ED32AEE4C3C00A71825 = {
			isa = PBXGroup;
			children = (
				09859EDE2AEE4C3C00A71825 /* Resource Profile Builder */,
				09859EDD2AEE4C3C00A71825 /* Products */,
			);
			sourceTree = "<group>";
		};
		09859EDD2AEE4C3C00A71825 /* Products */ = {
			isa = PBXGroup;
			children = (
				09859EDC2AEE4C3C00A71825 /* Resource Profile Builder.app */,
			);
			name = Products;
			sourceTree = "<group>";
		};
		09859EDE2AEE4C3C00A71825 /* Resource Profile Builder */ = {
			isa = PBXGroup;
			children = (
				09859EDF2AEE4C3C00A71825 /* AppDelegate.swift */,
				09859EE12AEE4C3C00A71825 /* SceneDelegate.swift */,
				09859EE32AEE4C3C00A71825 /* ViewController.swift */,
				09859EE52AEE4C3C00A71825 /* Main.storyboard */,
				09859EEB2AEE4C3D00A71825 /* Assets.xcassets */,
				09859EED2AEE4C3D00A71825 /* LaunchScreen.storyboard */,
				09859EF02AEE4C3D00A71825 /* Info.plist */,
				09859EE82AEE4C3C00A71825 /* Resource_Profile_Builder.xcdatamodeld */,
			);
			path = "Resource Profile Builder";
			sourceTree = "<group>";
		};
/* End PBXGroup section */

/* Begin PBXNativeTarget section */
		09859EDB2AEE4C3C00A71825 /* Resource Profile Builder */ = {
			isa = PBXNativeTarget;
			buildConfigurationList = 09859EF32AEE4C3D00A71825 /* Build configuration list for PBXNativeTarget "Resource Profile Builder" */;
			buildPhases = (
				09859ED82AEE4C3C00A71825 /* Sources */,
				09859ED92AEE4C3C00A71825 /* Frameworks */,
				09859EDA2AEE4C3C00A71825 /* Resources */,
			);
			buildRules = (
			);
			dependencies = (
			);
			name = "Resource Profile Builder";
			productName = "Resource Profile Builder";
			productReference = 09859EDC2AEE4C3C00A71825 /* Resource Profile Builder.app */;
			productType = "com.apple.product-type.application";
		};
/* End PBXNativeTarget section */

/* Begin PBXProject section */
		09859ED42AEE4C3C00A71825 /* Project object */ = {
			isa = PBXProject;
			attributes = {
				BuildIndependentTargetsInParallel = 1;
				LastSwiftUpdateCheck = 1500;
				LastUpgradeCheck = 1500;
				TargetAttributes = {
					09859EDB2AEE4C3C00A71825 = {
						CreatedOnToolsVersion = 15.0.1;
					};
				};
			};
			buildConfigurationList = 09859ED72AEE4C3C00A71825 /* Build configuration list for PBXProject "Resource Profile Builder" */;
			compatibilityVersion = "Xcode 14.0";
			developmentRegion = en;
			hasScannedForEncodings = 0;
			knownRegions = (
				en,
				Base,
			);
			mainGroup = 09859ED32AEE4C3C00A71825;
			productRefGroup = 09859EDD2AEE4C3C00A71825 /* Products */;
			projectDirPath = "";
			projectRoot = "";
			targets = (
				09859EDB2AEE4C3C00A71825 /* Resource Profile Builder */,
			);
		};
/* End PBXProject section */

/* Begin PBXResourcesBuildPhase section */
		09859EDA2AEE4C3C00A71825 /* Resources */ = {
			isa = PBXResourcesBuildPhase;
			buildActionMask = 2147483647;
			files = (
				09859EEF2AEE4C3D00A71825 /* LaunchScreen.storyboard in Resources */,
				09859EEC2AEE4C3D00A71825 /* Assets.xcassets in Resources */,
				09859EE72AEE4C3C00A71825 /* Main.storyboard in Resources */,
			);
			runOnlyForDeploymentPostprocessing = 0;
		};
/* End PBXResourcesBuildPhase section */

/* Begin PBXSourcesBuildPhase section */
		09859ED82AEE4C3C00A71825 /* Sources */ = {
			isa = PBXSourcesBuildPhase;
			buildActionMask = 2147483647;
			files = (
				09859EE42AEE4C3C00A71825 /* ViewController.swift in Sources */,
				09859EE02AEE4C3C00A71825 /* AppDelegate.swift in Sources */,
				09859EE22AEE4C3C00A71825 /* SceneDelegate.swift in Sources */,
				09859EEA2AEE4C3C00A71825 /* Resource_Profile_Builder.xcdatamodeld in Sources */,
			);
			runOnlyForDeploymentPostprocessing = 0;
		};
/* End PBXSourcesBuildPhase section */

/* Begin PBXVariantGroup section */
		09859EE52AEE4C3C00A71825 /* Main.storyboard */ = {
			isa = PBXVariantGroup;
			children = (
				09859EE62AEE4C3C00A71825 /* Base */,
			);
			name = Main.storyboard;
			sourceTree = "<group>";
		};
		09859EED2AEE4C3D00A71825 /* LaunchScreen.storyboard */ = {
			isa = PBXVariantGroup;
			children = (
				09859EEE2AEE4C3D00A71825 /* Base */,
			);
			name = LaunchScreen.storyboard;
			sourceTree = "<group>";
		};
/* End PBXVariantGroup section */

/* Begin XCBuildConfiguration section */
		09859EF12AEE4C3D00A71825 /* Debug */ = {
			isa = XCBuildConfiguration;
			buildSettings = {
				ALWAYS_SEARCH_USER_PATHS = NO;
				ASSETCATALOG_COMPILER_GENERATE_SWIFT_ASSET_SYMBOL_EXTENSIONS = YES;
				CLANG_ANALYZER_NONNULL = YES;
				CLANG_ANALYZER_NUMBER_OBJECT_CONVERSION = YES_AGGRESSIVE;
				CLANG_CXX_LANGUAGE_STANDARD = "gnu++20";
				CLANG_ENABLE_MODULES = YES;
				CLANG_ENABLE_OBJC_ARC = YES;
				CLANG_ENABLE_OBJC_WEAK = YES;
				CLANG_WARN_BLOCK_CAPTURE_AUTORELEASING = YES;
				CLANG_WARN_BOOL_CONVERSION = YES;
				CLANG_WARN_COMMA = YES;
				CLANG_WARN_CONSTANT_CONVERSION = YES;
				CLANG_WARN_DEPRECATED_OBJC_IMPLEMENTATIONS = YES;
				CLANG_WARN_DIRECT_OBJC_ISA_USAGE = YES_ERROR;
				CLANG_WARN_DOCUMENTATION_COMMENTS = YES;
				CLANG_WARN_EMPTY_BODY = YES;
				CLANG_WARN_ENUM_CONVERSION = YES;
				CLANG_WARN_INFINITE_RECURSION = YES;
				CLANG_WARN_INT_CONVERSION = YES;
				CLANG_WARN_NON_LITERAL_NULL_CONVERSION = YES;
				CLANG_WARN_OBJC_IMPLICIT_RETAIN_SELF = YES;
				CLANG_WARN_OBJC_LITERAL_CONVERSION = YES;
				CLANG_WARN_OBJC_ROOT_CLASS = YES_ERROR;
				CLANG_WARN_QUOTED_INCLUDE_IN_FRAMEWORK_HEADER = YES;
				CLANG_WARN_RANGE_LOOP_ANALYSIS = YES;
				CLANG_WARN_STRICT_PROTOTYPES = YES;
				CLANG_WARN_SUSPICIOUS_MOVE = YES;
				CLANG_WARN_UNGUARDED_AVAILABILITY = YES_AGGRESSIVE;
				CLANG_WARN_UNREACHABLE_CODE = YES;
				CLANG_WARN__DUPLICATE_METHOD_MATCH = YES;
				COPY_PHASE_STRIP = NO;
				DEBUG_INFORMATION_FORMAT = dwarf;
				ENABLE_STRICT_OBJC_MSGSEND = YES;
				ENABLE_TESTABILITY = YES;
				ENABLE_USER_SCRIPT_SANDBOXING = YES;
				GCC_C_LANGUAGE_STANDARD = gnu17;
				GCC_DYNAMIC_NO_PIC = NO;
				GCC_NO_COMMON_BLOCKS = YES;
				GCC_OPTIMIZATION_LEVEL = 0;
				GCC_PREPROCESSOR_DEFINITIONS = (
					"DEBUG=1",
					"$(inherited)",
				);
				GCC_WARN_64_TO_32_BIT_CONVERSION = YES;
				GCC_WARN_ABOUT_RETURN_TYPE = YES_ERROR;
				GCC_WARN_UNDECLARED_SELECTOR = YES;
				GCC_WARN_UNINITIALIZED_AUTOS = YES_AGGRESSIVE;
				GCC_WARN_UNUSED_FUNCTION = YES;
				GCC_WARN_UNUSED_VARIABLE = YES;
				IPHONEOS_DEPLOYMENT_TARGET = 17.0;
				LOCALIZATION_PREFERS_STRING_CATALOGS = YES;
				MTL_ENABLE_DEBUG_INFO = INCLUDE_SOURCE;
				MTL_FAST_MATH = YES;
				ONLY_ACTIVE_ARCH = YES;
				SDKROOT = iphoneos;
				SWIFT_ACTIVE_COMPILATION_CONDITIONS = "DEBUG $(inherited)";
				SWIFT_OPTIMIZATION_LEVEL = "-Onone";
			};
			name = Debug;
		};
		09859EF22AEE4C3D00A71825 /* Release */ = {
			isa = XCBuildConfiguration;
			buildSettings = {
				ALWAYS_SEARCH_USER_PATHS = NO;
				ASSETCATALOG_COMPILER_GENERATE_SWIFT_ASSET_SYMBOL_EXTENSIONS = YES;
				CLANG_ANALYZER_NONNULL = YES;
				CLANG_ANALYZER_NUMBER_OBJECT_CONVERSION = YES_AGGRESSIVE;
				CLANG_CXX_LANGUAGE_STANDARD = "gnu++20";
				CLANG_ENABLE_MODULES = YES;
				CLANG_ENABLE_OBJC_ARC = YES;
				CLANG_ENABLE_OBJC_WEAK = YES;
				CLANG_WARN_BLOCK_CAPTURE_AUTORELEASING = YES;
				CLANG_WARN_BOOL_CONVERSION = YES;
				CLANG_WARN_COMMA = YES;
				CLANG_WARN_CONSTANT_CONVERSION = YES;
				CLANG_WARN_DEPRECATED_OBJC_IMPLEMENTATIONS = YES;
				CLANG_WARN_DIRECT_OBJC_ISA_USAGE = YES_ERROR;
				CLANG_WARN_DOCUMENTATION_COMMENTS = YES;
				CLANG_WARN_EMPTY_BODY = YES;
				CLANG_WARN_ENUM_CONVERSION = YES;
				CLANG_WARN_INFINITE_RECURSION = YES;
				CLANG_WARN_INT_CONVERSION = YES;
				CLANG_WARN_NON_LITERAL_NULL_CONVERSION = YES;
				CLANG_WARN_OBJC_IMPLICIT_RETAIN_SELF = YES;
				CLANG_WARN_OBJC_LITERAL_CONVERSION = YES;
				CLANG_WARN_OBJC_ROOT_CLASS = YES_ERROR;
				CLANG_WARN_QUOTED_INCLUDE_IN_FRAMEWORK_HEADER = YES;
				CLANG_WARN_RANGE_LOOP_ANALYSIS = YES;
				CLANG_WARN_STRICT_PROTOTYPES = YES;
				CLANG_WARN_SUSPICIOUS_MOVE = YES;
				CLANG_WARN_UNGUARDED_AVAILABILITY = YES_AGGRESSIVE;
				CLANG_WARN_UNREACHABLE_CODE = YES;
				CLANG_WARN__DUPLICATE_METHOD_MATCH = YES;
				COPY_PHASE_STRIP = NO;
				DEBUG_INFORMATION_FORMAT = "dwarf-with-dsym";
				ENABLE_NS_ASSERTIONS = NO;
				ENABLE_STRICT_OBJC_MSGSEND = YES;
				ENABLE_USER_SCRIPT_SANDBOXING = YES;
				GCC_C_LANGUAGE_STANDARD = gnu17;
				GCC_NO_COMMON_BLOCKS = YES;
				GCC_WARN_64_TO_32_BIT_CONVERSION = YES;
				GCC_WARN_ABOUT_RETURN_TYPE = YES_ERROR;
				GCC_WARN_UNDECLARED_SELECTOR = YES;
				GCC_WARN_UNINITIALIZED_AUTOS = YES_AGGRESSIVE;
				GCC_WARN_UNUSED_FUNCTION = YES;
				GCC_WARN_UNUSED_VARIABLE = YES;
				IPHONEOS_DEPLOYMENT_TARGET = 17.0;
				LOCALIZATION_PREFERS_STRING_CATALOGS = YES;
				MTL_ENABLE_DEBUG_INFO = NO;
				MTL_FAST_MATH = YES;
				SDKROOT = iphoneos;
				SWIFT_COMPILATION_MODE = wholemodule;
				VALIDATE_PRODUCT = YES;
			};
			name = Release;
		};
		09859EF42AEE4C3D00A71825 /* Debug */ = {
			isa = XCBuildConfiguration;
			buildSettings = {
				ASSETCATALOG_COMPILER_APPICON_NAME = AppIcon;
				ASSETCATALOG_COMPILER_GLOBAL_ACCENT_COLOR_NAME = AccentColor;
				CODE_SIGN_STYLE = Automatic;
				CURRENT_PROJECT_VERSION = 1;
				DEVELOPMENT_TEAM = WQZ3XLJ7TJ;
				GENERATE_INFOPLIST_FILE = YES;
				INFOPLIST_FILE = "Resource Profile Builder/Info.plist";
				INFOPLIST_KEY_UIApplicationSupportsIndirectInputEvents = YES;
				INFOPLIST_KEY_UILaunchStoryboardName = LaunchScreen;
				INFOPLIST_KEY_UIMainStoryboardFile = Main;
				INFOPLIST_KEY_UISupportedInterfaceOrientations_iPad = "UIInterfaceOrientationPortrait UIInterfaceOrientationPortraitUpsideDown UIInterfaceOrientationLandscapeLeft UIInterfaceOrientationLandscapeRight";
				INFOPLIST_KEY_UISupportedInterfaceOrientations_iPhone = "UIInterfaceOrientationPortrait UIInterfaceOrientationLandscapeLeft UIInterfaceOrientationLandscapeRight";
				LD_RUNPATH_SEARCH_PATHS = (
					"$(inherited)",
					"@executable_path/Frameworks",
				);
				MARKETING_VERSION = 1.0;
				PRODUCT_BUNDLE_IDENTIFIER = "personal.Resource-Profile-Builder";
				PRODUCT_NAME = "$(TARGET_NAME)";
				SWIFT_EMIT_LOC_STRINGS = YES;
				SWIFT_VERSION = 5.0;
				TARGETED_DEVICE_FAMILY = "1,2";
			};
			name = Debug;
		};
		09859EF52AEE4C3D00A71825 /* Release */ = {
			isa = XCBuildConfiguration;
			buildSettings = {
				ASSETCATALOG_COMPILER_APPICON_NAME = AppIcon;
				ASSETCATALOG_COMPILER_GLOBAL_ACCENT_COLOR_NAME = AccentColor;
				CODE_SIGN_STYLE = Automatic;
				CURRENT_PROJECT_VERSION = 1;
				DEVELOPMENT_TEAM = WQZ3XLJ7TJ;
				GENERATE_INFOPLIST_FILE = YES;
				INFOPLIST_FILE = "Resource Profile Builder/Info.plist";
				INFOPLIST_KEY_UIApplicationSupportsIndirectInputEvents = YES;
				INFOPLIST_KEY_UILaunchStoryboardName = LaunchScreen;
				INFOPLIST_KEY_UIMainStoryboardFile = Main;
				INFOPLIST_KEY_UISupportedInterfaceOrientations_iPad = "UIInterfaceOrientationPortrait UIInterfaceOrientationPortraitUpsideDown UIInterfaceOrientationLandscapeLeft UIInterfaceOrientationLandscapeRight";
				INFOPLIST_KEY_UISupportedInterfaceOrientations_iPhone = "UIInterfaceOrientationPortrait UIInterfaceOrientationLandscapeLeft UIInterfaceOrientationLandscapeRight";
				LD_RUNPATH_SEARCH_PATHS = (
					"$(inherited)",
					"@executable_path/Frameworks",
				);
				MARKETING_VERSION = 1.0;
				PRODUCT_BUNDLE_IDENTIFIER = "personal.Resource-Profile-Builder";
				PRODUCT_NAME = "$(TARGET_NAME)";
				SWIFT_EMIT_LOC_STRINGS = YES;
				SWIFT_VERSION = 5.0;
				TARGETED_DEVICE_FAMILY = "1,2";
			};
			name = Release;
		};
/* End XCBuildConfiguration section */

/* Begin XCConfigurationList section */
		09859ED72AEE4C3C00A71825 /* Build configuration list for PBXProject "Resource Profile Builder" */ = {
			isa = XCConfigurationList;
			buildConfigurations = (
				09859EF12AEE4C3D00A71825 /* Debug */,
				09859EF22AEE4C3D00A71825 /* Release */,
			);
			defaultConfigurationIsVisible = 0;
			defaultConfigurationName = Release;
		};
		09859EF32AEE4C3D00A71825 /* Build configuration list for PBXNativeTarget "Resource Profile Builder" */ = {
			isa = XCConfigurationList;
			buildConfigurations = (
				09859EF42AEE4C3D00A71825 /* Debug */,
				09859EF52AEE4C3D00A71825 /* Release */,
			);
			defaultConfigurationIsVisible = 0;
			defaultConfigurationName = Release;
		};
/* End XCConfigurationList section */

/* Begin XCVersionGroup section */
		09859EE82AEE4C3C00A71825 /* Resource_Profile_Builder.xcdatamodeld */ = {
			isa = XCVersionGroup;
			children = (
				09859EE92AEE4C3C00A71825 /* Resource_Profile_Builder.xcdatamodel */,
			);
			currentVersion = 09859EE92AEE4C3C00A71825 /* Resource_Profile_Builder.xcdatamodel */;
			path = Resource_Profile_Builder.xcdatamodeld;
			sourceTree = "<group>";
			versionGroupType = wrapper.xcdatamodel;
		};
/* End XCVersionGroup section */
	};
	rootObject = 09859ED42AEE4C3C00A71825 /* Project object */;
}
